
Microsoft Visual Studio Solution File, Format Version 12.00
# Visual Studio Version 17
VisualStudioVersion = 17.3.32811.315
MinimumVisualStudioVersion = 10.0.40219.1
Project("{FAE04EC0-301F-11D3-BF4B-00C04F79EFBC}") = "PortfolioBICons", "PortfolioBICons\PortfolioBICons.csproj", "{3BB81DC2-20CF-4184-B2FD-06FFBE1EB31D}"
EndProject
Global
	GlobalSection(SolutionConfigurationPlatforms) = preSolution
		Debug|Any CPU = Debug|Any CPU
		Release|Any CPU = Release|Any CPU
	EndGlobalSection
	GlobalSection(ProjectConfigurationPlatforms) = postSolution
		{3BB81DC2-20CF-4184-B2FD-06FFBE1EB31D}.Debug|Any CPU.ActiveCfg = Debug|Any CPU
		{3BB81DC2-20CF-4184-B2FD-06FFBE1EB31D}.Debug|Any CPU.Build.0 = Debug|Any CPU
		{3BB81DC2-20CF-4184-B2FD-06FFBE1EB31D}.Release|Any CPU.ActiveCfg = Release|Any CPU
		{3BB81DC2-20CF-4184-B2FD-06FFBE1EB31D}.Release|Any CPU.Build.0 = Release|Any CPU
	EndGlobalSection
	GlobalSection(SolutionProperties) = preSolution
		HideSolutionNode = FALSE
	EndGlobalSection
	GlobalSection(ExtensibilityGlobals) = postSolution
		SolutionGuid = {DE80872B-AA58-42AC-BA00-7A480B20A67E}
	EndGlobalSection
EndGlobal
